{
  "name": "note",
  "version": "1.0.0",
  "lockfileVersion": 1,
  "requires": true,
  "dependencies": {
    "vconsole": {
      "version": "3.2.0",
      "resolved": "https://registry.npmjs.org/vconsole/-/vconsole-3.2.0.tgz",
      "integrity": "sha512-lgSoSdMOfRJCDGaiO1LXiWz4oAgIvNJpaewtEVrzCPEOKWSUOQnLYCEALseaeJsL7Pqv7A2v7msik/vhcOvDQQ=="
    }
  }
}
